
Microsoft Visual Studio Solution File, Format Version 12.00
# Visual Studio Version 16
VisualStudioVersion = 16.0.29001.49
MinimumVisualStudioVersion = 10.0.40219.1
Project("{9A19103F-16F7-4668-BE54-9A1E7A4F7556}") = "JWTwebAPI", "JWTwebAPI.csproj", "{FFB6265D-CDCF-43E7-B284-CB8086CD6BC2}"
EndProject
Global
	GlobalSection(SolutionConfigurationPlatforms) = preSolution
		Debug|Any CPU = Debug|Any CPU
		Release|Any CPU = Release|Any CPU
	EndGlobalSection
	GlobalSection(ProjectConfigurationPlatforms) = postSolution
		{FFB6265D-CDCF-43E7-B284-CB8086CD6BC2}.Debug|Any CPU.ActiveCfg = Debug|Any CPU
		{FFB6265D-CDCF-43E7-B284-CB8086CD6BC2}.Debug|Any CPU.Build.0 = Debug|Any CPU
		{FFB6265D-CDCF-43E7-B284-CB8086CD6BC2}.Release|Any CPU.ActiveCfg = Release|Any CPU
		{FFB6265D-CDCF-43E7-B284-CB8086CD6BC2}.Release|Any CPU.Build.0 = Release|Any CPU
	EndGlobalSection
	GlobalSection(SolutionProperties) = preSolution
		HideSolutionNode = FALSE
	EndGlobalSection
	GlobalSection(ExtensibilityGlobals) = postSolution
		SolutionGuid = {A6230D10-E620-413C-841B-F6F67F3C5A2B}
	EndGlobalSection
EndGlobal
